
Microsoft Visual Studio Solution File, Format Version 12.00
# Visual Studio Version 17
VisualStudioVersion = 17.9.34728.123
MinimumVisualStudioVersion = 10.0.40219.1
Project("{FAE04EC0-301F-11D3-BF4B-00C04F79EFBC}") = "db-videogames-query", "db-videogames-query\db-videogames-query.csproj", "{D1C7315C-3091-43DE-AC7D-B826B70E6336}"
EndProject
Global
	GlobalSection(SolutionConfigurationPlatforms) = preSolution
		Debug|Any CPU = Debug|Any CPU
		Release|Any CPU = Release|Any CPU
	EndGlobalSection
	GlobalSection(ProjectConfigurationPlatforms) = postSolution
		{D1C7315C-3091-43DE-AC7D-B826B70E6336}.Debug|Any CPU.ActiveCfg = Debug|Any CPU
		{D1C7315C-3091-43DE-AC7D-B826B70E6336}.Debug|Any CPU.Build.0 = Debug|Any CPU
		{D1C7315C-3091-43DE-AC7D-B826B70E6336}.Release|Any CPU.ActiveCfg = Release|Any CPU
		{D1C7315C-3091-43DE-AC7D-B826B70E6336}.Release|Any CPU.Build.0 = Release|Any CPU
	EndGlobalSection
	GlobalSection(SolutionProperties) = preSolution
		HideSolutionNode = FALSE
	EndGlobalSection
	GlobalSection(ExtensibilityGlobals) = postSolution
		SolutionGuid = {B07E1916-D2C7-4829-934C-620F35935DE5}
	EndGlobalSection
EndGlobal
